// !$*UTF8*$!
{
	archiveVersion = 1;
	classes = {
	};
	objectVersion = 55;
	objects = {

/* Begin PBXBuildFile section */
		C736290C28D91C9B00E046FC /* hotprospects1.png in Resources */ = {isa = PBXBuildFile; fileRef = C736290A28D91C9B00E046FC /* hotprospects1.png */; };
		C736290D28D91C9B00E046FC /* hotprospects2.png in Resources */ = {isa = PBXBuildFile; fileRef = C736290B28D91C9B00E046FC /* hotprospects2.png */; };
		C7467B7728D0E36F008212B9 /* CodeScanner in Frameworks */ = {isa = PBXBuildFile; productRef = C7467B7628D0E36F008212B9 /* CodeScanner */; };
		C766A8E928CA789D00D88927 /* HotProspectsApp.swift in Sources */ = {isa = PBXBuildFile; fileRef = C766A8E828CA789D00D88927 /* HotProspectsApp.swift */; };
		C766A8EB28CA789D00D88927 /* ContentView.swift in Sources */ = {isa = PBXBuildFile; fileRef = C766A8EA28CA789D00D88927 /* ContentView.swift */; };
		C766A8ED28CA789E00D88927 /* Assets.xcassets in Resources */ = {isa = PBXBuildFile; fileRef = C766A8EC28CA789E00D88927 /* Assets.xcassets */; };
		C766A8F028CA789E00D88927 /* Preview Assets.xcassets in Resources */ = {isa = PBXBuildFile; fileRef = C766A8EF28CA789E00D88927 /* Preview Assets.xcassets */; };
		C774C7FB28D370A10000B7DF /* FileManager-DocumentsDirectory.swift in Sources */ = {isa = PBXBuildFile; fileRef = C774C7FA28D370A10000B7DF /* FileManager-DocumentsDirectory.swift */; };
		C78A61AF28CF9BC800809B72 /* README.md in Resources */ = {isa = PBXBuildFile; fileRef = C78A61AC28CF9BC800809B72 /* README.md */; };
		C78A61B028CF9BC800809B72 /* .gitignore in Resources */ = {isa = PBXBuildFile; fileRef = C78A61AE28CF9BC800809B72 /* .gitignore */; };
		C78A61B228CF9CBD00809B72 /* ProspectsView.swift in Sources */ = {isa = PBXBuildFile; fileRef = C78A61B128CF9CBD00809B72 /* ProspectsView.swift */; };
		C78A61B428CF9CC200809B72 /* MeView.swift in Sources */ = {isa = PBXBuildFile; fileRef = C78A61B328CF9CC200809B72 /* MeView.swift */; };
		C78A61B628CF9FAB00809B72 /* Prospect.swift in Sources */ = {isa = PBXBuildFile; fileRef = C78A61B528CF9FAB00809B72 /* Prospect.swift */; };
		C7B012F828D2164500A35535 /* ImageSaver.swift in Sources */ = {isa = PBXBuildFile; fileRef = C7B012F728D2164500A35535 /* ImageSaver.swift */; };
/* End PBXBuildFile section */

/* Begin PBXFileReference section */
		C736290A28D91C9B00E046FC /* hotprospects1.png */ = {isa = PBXFileReference; lastKnownFileType = image.png; path = hotprospects1.png; sourceTree = "<group>"; };
		C736290B28D91C9B00E046FC /* hotprospects2.png */ = {isa = PBXFileReference; lastKnownFileType = image.png; path = hotprospects2.png; sourceTree = "<group>"; };
		C766A8E528CA789D00D88927 /* HotProspects.app */ = {isa = PBXFileReference; explicitFileType = wrapper.application; includeInIndex = 0; path = HotProspects.app; sourceTree = BUILT_PRODUCTS_DIR; };
		C766A8E828CA789D00D88927 /* HotProspectsApp.swift */ = {isa = PBXFileReference; lastKnownFileType = sourcecode.swift; path = HotProspectsApp.swift; sourceTree = "<group>"; };
		C766A8EA28CA789D00D88927 /* ContentView.swift */ = {isa = PBXFileReference; lastKnownFileType = sourcecode.swift; path = ContentView.swift; sourceTree = "<group>"; };
		C766A8EC28CA789E00D88927 /* Assets.xcassets */ = {isa = PBXFileReference; lastKnownFileType = folder.assetcatalog; path = Assets.xcassets; sourceTree = "<group>"; };
		C766A8EF28CA789E00D88927 /* Preview Assets.xcassets */ = {isa = PBXFileReference; lastKnownFileType = folder.assetcatalog; path = "Preview Assets.xcassets"; sourceTree = "<group>"; };
		C774C7FA28D370A10000B7DF /* FileManager-DocumentsDirectory.swift */ = {isa = PBXFileReference; fileEncoding = 4; lastKnownFileType = sourcecode.swift; path = "FileManager-DocumentsDirectory.swift"; sourceTree = "<group>"; };
		C78A61AC28CF9BC800809B72 /* README.md */ = {isa = PBXFileReference; fileEncoding = 4; lastKnownFileType = net.daringfireball.markdown; path = README.md; sourceTree = "<group>"; };
		C78A61AE28CF9BC800809B72 /* .gitignore */ = {isa = PBXFileReference; fileEncoding = 4; lastKnownFileType = text; path = .gitignore; sourceTree = "<group>"; };
		C78A61B128CF9CBD00809B72 /* ProspectsView.swift */ = {isa = PBXFileReference; lastKnownFileType = sourcecode.swift; path = ProspectsView.swift; sourceTree = "<group>"; };
		C78A61B328CF9CC200809B72 /* MeView.swift */ = {isa = PBXFileReference; lastKnownFileType = sourcecode.swift; path = MeView.swift; sourceTree = "<group>"; };
		C78A61B528CF9FAB00809B72 /* Prospect.swift */ = {isa = PBXFileReference; lastKnownFileType = sourcecode.swift; path = Prospect.swift; sourceTree = "<group>"; };
		C7B012F728D2164500A35535 /* ImageSaver.swift */ = {isa = PBXFileReference; fileEncoding = 4; lastKnownFileType = sourcecode.swift; path = ImageSaver.swift; sourceTree = "<group>"; };
/* End PBXFileReference section */

/* Begin PBXFrameworksBuildPhase section */
		C766A8E228CA789D00D88927 /* Frameworks */ = {
			isa = PBXFrameworksBuildPhase;
			buildActionMask = 2147483647;
			files = (
				C7467B7728D0E36F008212B9 /* CodeScanner in Frameworks */,
			);
			runOnlyForDeploymentPostprocessing = 0;
		};
/* End PBXFrameworksBuildPhase section */

/* Begin PBXGroup section */
		C766A8DC28CA789D00D88927 = {
			isa = PBXGroup;
			children = (
				C78A61AE28CF9BC800809B72 /* .gitignore */,
				C78A61AC28CF9BC800809B72 /* README.md */,
				C78A61AD28CF9BC800809B72 /* screenshots */,
				C766A8E728CA789D00D88927 /* HotProspects */,
				C766A8E628CA789D00D88927 /* Products */,
			);
			sourceTree = "<group>";
		};
		C766A8E628CA789D00D88927 /* Products */ = {
			isa = PBXGroup;
			children = (
				C766A8E528CA789D00D88927 /* HotProspects.app */,
			);
			name = Products;
			sourceTree = "<group>";
		};
		C766A8E728CA789D00D88927 /* HotProspects */ = {
			isa = PBXGroup;
			children = (
				C766A8E828CA789D00D88927 /* HotProspectsApp.swift */,
				C774C7FA28D370A10000B7DF /* FileManager-DocumentsDirectory.swift */,
				C766A8EA28CA789D00D88927 /* ContentView.swift */,
				C78A61B528CF9FAB00809B72 /* Prospect.swift */,
				C78A61B128CF9CBD00809B72 /* ProspectsView.swift */,
				C78A61B328CF9CC200809B72 /* MeView.swift */,
				C7B012F728D2164500A35535 /* ImageSaver.swift */,
				C766A8EC28CA789E00D88927 /* Assets.xcassets */,
				C766A8EE28CA789E00D88927 /* Preview Content */,
			);
			path = HotProspects;
			sourceTree = "<group>";
		};
		C766A8EE28CA789E00D88927 /* Preview Content */ = {
			isa = PBXGroup;
			children = (
				C766A8EF28CA789E00D88927 /* Preview Assets.xcassets */,
			);
			path = "Preview Content";
			sourceTree = "<group>";
		};
		C78A61AD28CF9BC800809B72 /* screenshots */ = {
			isa = PBXGroup;
			children = (
				C736290A28D91C9B00E046FC /* hotprospects1.png */,
				C736290B28D91C9B00E046FC /* hotprospects2.png */,
			);
			path = screenshots;
			sourceTree = "<group>";
		};
/* End PBXGroup section */

/* Begin PBXNativeTarget section */
		C766A8E428CA789D00D88927 /* HotProspects */ = {
			isa = PBXNativeTarget;
			buildConfigurationList = C766A8F328CA789E00D88927 /* Build configuration list for PBXNativeTarget "HotProspects" */;
			buildPhases = (
				C766A8E128CA789D00D88927 /* Sources */,
				C766A8E228CA789D00D88927 /* Frameworks */,
				C766A8E328CA789D00D88927 /* Resources */,
			);
			buildRules = (
			);
			dependencies = (
			);
			name = HotProspects;
			packageProductDependencies = (
				C7467B7628D0E36F008212B9 /* CodeScanner */,
			);
			productName = HotProspects;
			productReference = C766A8E528CA789D00D88927 /* HotProspects.app */;
			productType = "com.apple.product-type.application";
		};
/* End PBXNativeTarget section */

/* Begin PBXProject section */
		C766A8DD28CA789D00D88927 /* Project object */ = {
			isa = PBXProject;
			attributes = {
				BuildIndependentTargetsInParallel = 1;
				LastSwiftUpdateCheck = 1340;
				LastUpgradeCheck = 1340;
				TargetAttributes = {
					C766A8E428CA789D00D88927 = {
						CreatedOnToolsVersion = 13.4.1;
					};
				};
			};
			buildConfigurationList = C766A8E028CA789D00D88927 /* Build configuration list for PBXProject "HotProspects" */;
			compatibilityVersion = "Xcode 13.0";
			developmentRegion = en;
			hasScannedForEncodings = 0;
			knownRegions = (
				en,
				Base,
			);
			mainGroup = C766A8DC28CA789D00D88927;
			packageReferences = (
				C7467B7528D0E36F008212B9 /* XCRemoteSwiftPackageReference "CodeScanner" */,
			);
			productRefGroup = C766A8E628CA789D00D88927 /* Products */;
			projectDirPath = "";
			projectRoot = "";
			targets = (
				C766A8E428CA789D00D88927 /* HotProspects */,
			);
		};
/* End PBXProject section */

/* Begin PBXResourcesBuildPhase section */
		C766A8E328CA789D00D88927 /* Resources */ = {
			isa = PBXResourcesBuildPhase;
			buildActionMask = 2147483647;
			files = (
				C736290C28D91C9B00E046FC /* hotprospects1.png in Resources */,
				C78A61B028CF9BC800809B72 /* .gitignore in Resources */,
				C736290D28D91C9B00E046FC /* hotprospects2.png in Resources */,
				C78A61AF28CF9BC800809B72 /* README.md in Resources */,
				C766A8F028CA789E00D88927 /* Preview Assets.xcassets in Resources */,
				C766A8ED28CA789E00D88927 /* Assets.xcassets in Resources */,
			);
			runOnlyForDeploymentPostprocessing = 0;
		};
/* End PBXResourcesBuildPhase section */

/* Begin PBXSourcesBuildPhase section */
		C766A8E128CA789D00D88927 /* Sources */ = {
			isa = PBXSourcesBuildPhase;
			buildActionMask = 2147483647;
			files = (
				C78A61B428CF9CC200809B72 /* MeView.swift in Sources */,
				C774C7FB28D370A10000B7DF /* FileManager-DocumentsDirectory.swift in Sources */,
				C7B012F828D2164500A35535 /* ImageSaver.swift in Sources */,
				C78A61B628CF9FAB00809B72 /* Prospect.swift in Sources */,
				C78A61B228CF9CBD00809B72 /* ProspectsView.swift in Sources */,
				C766A8EB28CA789D00D88927 /* ContentView.swift in Sources */,
				C766A8E928CA789D00D88927 /* HotProspectsApp.swift in Sources */,
			);
			runOnlyForDeploymentPostprocessing = 0;
		};
/* End PBXSourcesBuildPhase section */

/* Begin XCBuildConfiguration section */
		C766A8F128CA789E00D88927 /* Debug */ = {
			isa = XCBuildConfiguration;
			buildSettings = {
				ALWAYS_SEARCH_USER_PATHS = NO;
				CLANG_ANALYZER_NONNULL = YES;
				CLANG_ANALYZER_NUMBER_OBJECT_CONVERSION = YES_AGGRESSIVE;
				CLANG_CXX_LANGUAGE_STANDARD = "gnu++17";
				CLANG_ENABLE_MODULES = YES;
				CLANG_ENABLE_OBJC_ARC = YES;
				CLANG_ENABLE_OBJC_WEAK = YES;
				CLANG_WARN_BLOCK_CAPTURE_AUTORELEASING = YES;
				CLANG_WARN_BOOL_CONVERSION = YES;
				CLANG_WARN_COMMA = YES;
				CLANG_WARN_CONSTANT_CONVERSION = YES;
				CLANG_WARN_DEPRECATED_OBJC_IMPLEMENTATIONS = YES;
				CLANG_WARN_DIRECT_OBJC_ISA_USAGE = YES_ERROR;
				CLANG_WARN_DOCUMENTATION_COMMENTS = YES;
				CLANG_WARN_EMPTY_BODY = YES;
				CLANG_WARN_ENUM_CONVERSION = YES;
				CLANG_WARN_INFINITE_RECURSION = YES;
				CLANG_WARN_INT_CONVERSION = YES;
				CLANG_WARN_NON_LITERAL_NULL_CONVERSION = YES;
				CLANG_WARN_OBJC_IMPLICIT_RETAIN_SELF = YES;
				CLANG_WARN_OBJC_LITERAL_CONVERSION = YES;
				CLANG_WARN_OBJC_ROOT_CLASS = YES_ERROR;
				CLANG_WARN_QUOTED_INCLUDE_IN_FRAMEWORK_HEADER = YES;
				CLANG_WARN_RANGE_LOOP_ANALYSIS = YES;
				CLANG_WARN_STRICT_PROTOTYPES = YES;
				CLANG_WARN_SUSPICIOUS_MOVE = YES;
				CLANG_WARN_UNGUARDED_AVAILABILITY = YES_AGGRESSIVE;
				CLANG_WARN_UNREACHABLE_CODE = YES;
				CLANG_WARN__DUPLICATE_METHOD_MATCH = YES;
				COPY_PHASE_STRIP = NO;
				DEBUG_INFORMATION_FORMAT = dwarf;
				ENABLE_STRICT_OBJC_MSGSEND = YES;
				ENABLE_TESTABILITY = YES;
				GCC_C_LANGUAGE_STANDARD = gnu11;
				GCC_DYNAMIC_NO_PIC = NO;
				GCC_NO_COMMON_BLOCKS = YES;
				GCC_OPTIMIZATION_LEVEL = 0;
				GCC_PREPROCESSOR_DEFINITIONS = (
					"DEBUG=1",
					"$(inherited)",
				);
				GCC_WARN_64_TO_32_BIT_CONVERSION = YES;
				GCC_WARN_ABOUT_RETURN_TYPE = YES_ERROR;
				GCC_WARN_UNDECLARED_SELECTOR = YES;
				GCC_WARN_UNINITIALIZED_AUTOS = YES_AGGRESSIVE;
				GCC_WARN_UNUSED_FUNCTION = YES;
				GCC_WARN_UNUSED_VARIABLE = YES;
				IPHONEOS_DEPLOYMENT_TARGET = 15.5;
				MTL_ENABLE_DEBUG_INFO = INCLUDE_SOURCE;
				MTL_FAST_MATH = YES;
				ONLY_ACTIVE_ARCH = YES;
				SDKROOT = iphoneos;
				SWIFT_ACTIVE_COMPILATION_CONDITIONS = DEBUG;
				SWIFT_OPTIMIZATION_LEVEL = "-Onone";
			};
			name = Debug;
		};
		C766A8F228CA789E00D88927 /* Release */ = {
			isa = XCBuildConfiguration;
			buildSettings = {
				ALWAYS_SEARCH_USER_PATHS = NO;
				CLANG_ANALYZER_NONNULL = YES;
				CLANG_ANALYZER_NUMBER_OBJECT_CONVERSION = YES_AGGRESSIVE;
				CLANG_CXX_LANGUAGE_STANDARD = "gnu++17";
				CLANG_ENABLE_MODULES = YES;
				CLANG_ENABLE_OBJC_ARC = YES;
				CLANG_ENABLE_OBJC_WEAK = YES;
				CLANG_WARN_BLOCK_CAPTURE_AUTORELEASING = YES;
				CLANG_WARN_BOOL_CONVERSION = YES;
				CLANG_WARN_COMMA = YES;
				CLANG_WARN_CONSTANT_CONVERSION = YES;
				CLANG_WARN_DEPRECATED_OBJC_IMPLEMENTATIONS = YES;
				CLANG_WARN_DIRECT_OBJC_ISA_USAGE = YES_ERROR;
				CLANG_WARN_DOCUMENTATION_COMMENTS = YES;
				CLANG_WARN_EMPTY_BODY = YES;
				CLANG_WARN_ENUM_CONVERSION = YES;
				CLANG_WARN_INFINITE_RECURSION = YES;
				CLANG_WARN_INT_CONVERSION = YES;
				CLANG_WARN_NON_LITERAL_NULL_CONVERSION = YES;
				CLANG_WARN_OBJC_IMPLICIT_RETAIN_SELF = YES;
				CLANG_WARN_OBJC_LITERAL_CONVERSION = YES;
				CLANG_WARN_OBJC_ROOT_CLASS = YES_ERROR;
				CLANG_WARN_QUOTED_INCLUDE_IN_FRAMEWORK_HEADER = YES;
				CLANG_WARN_RANGE_LOOP_ANALYSIS = YES;
				CLANG_WARN_STRICT_PROTOTYPES = YES;
				CLANG_WARN_SUSPICIOUS_MOVE = YES;
				CLANG_WARN_UNGUARDED_AVAILABILITY = YES_AGGRESSIVE;
				CLANG_WARN_UNREACHABLE_CODE = YES;
				CLANG_WARN__DUPLICATE_METHOD_MATCH = YES;
				COPY_PHASE_STRIP = NO;
				DEBUG_INFORMATION_FORMAT = "dwarf-with-dsym";
				ENABLE_NS_ASSERTIONS = NO;
				ENABLE_STRICT_OBJC_MSGSEND = YES;
				GCC_C_LANGUAGE_STANDARD = gnu11;
				GCC_NO_COMMON_BLOCKS = YES;
				GCC_WARN_64_TO_32_BIT_CONVERSION = YES;
				GCC_WARN_ABOUT_RETURN_TYPE = YES_ERROR;
				GCC_WARN_UNDECLARED_SELECTOR = YES;
				GCC_WARN_UNINITIALIZED_AUTOS = YES_AGGRESSIVE;
				GCC_WARN_UNUSED_FUNCTION = YES;
				GCC_WARN_UNUSED_VARIABLE = YES;
				IPHONEOS_DEPLOYMENT_TARGET = 15.5;
				MTL_ENABLE_DEBUG_INFO = NO;
				MTL_FAST_MATH = YES;
				SDKROOT = iphoneos;
				SWIFT_COMPILATION_MODE = wholemodule;
				SWIFT_OPTIMIZATION_LEVEL = "-O";
				VALIDATE_PRODUCT = YES;
			};
			name = Release;
		};
		C766A8F428CA789E00D88927 /* Debug */ = {
			isa = XCBuildConfiguration;
			buildSettings = {
				ASSETCATALOG_COMPILER_APPICON_NAME = AppIcon;
				ASSETCATALOG_COMPILER_GLOBAL_ACCENT_COLOR_NAME = AccentColor;
				CODE_SIGN_STYLE = Automatic;
				CURRENT_PROJECT_VERSION = 1;
				DEVELOPMENT_ASSET_PATHS = "\"HotProspects/Preview Content\"";
				DEVELOPMENT_TEAM = 6XT7CBYZN3;
				ENABLE_PREVIEWS = YES;
				GENERATE_INFOPLIST_FILE = YES;
				INFOPLIST_KEY_NSCameraUsageDescription = "We need to scan QR codes.";
				INFOPLIST_KEY_NSPhotoLibraryAddUsageDescription = "We want to save your QR code.";
				INFOPLIST_KEY_UIApplicationSceneManifest_Generation = YES;
				INFOPLIST_KEY_UIApplicationSupportsIndirectInputEvents = YES;
				INFOPLIST_KEY_UILaunchScreen_Generation = YES;
				INFOPLIST_KEY_UISupportedInterfaceOrientations_iPad = "UIInterfaceOrientationPortrait UIInterfaceOrientationPortraitUpsideDown UIInterfaceOrientationLandscapeLeft UIInterfaceOrientationLandscapeRight";
				INFOPLIST_KEY_UISupportedInterfaceOrientations_iPhone = "UIInterfaceOrientationPortrait UIInterfaceOrientationLandscapeLeft UIInterfaceOrientationLandscapeRight";
				LD_RUNPATH_SEARCH_PATHS = (
					"$(inherited)",
					"@executable_path/Frameworks",
				);
				MARKETING_VERSION = 1.0;
				PRODUCT_BUNDLE_IDENTIFIER = com.landoncayia.HotProspects;
				PRODUCT_NAME = "$(TARGET_NAME)";
				SWIFT_EMIT_LOC_STRINGS = YES;
				SWIFT_VERSION = 5.0;
				TARGETED_DEVICE_FAMILY = "1,2";
			};
			name = Debug;
		};
		C766A8F528CA789E00D88927 /* Release */ = {
			isa = XCBuildConfiguration;
			buildSettings = {
				ASSETCATALOG_COMPILER_APPICON_NAME = AppIcon;
				ASSETCATALOG_COMPILER_GLOBAL_ACCENT_COLOR_NAME = AccentColor;
				CODE_SIGN_STYLE = Automatic;
				CURRENT_PROJECT_VERSION = 1;
				DEVELOPMENT_ASSET_PATHS = "\"HotProspects/Preview Content\"";
				DEVELOPMENT_TEAM = 6XT7CBYZN3;
				ENABLE_PREVIEWS = YES;
				GENERATE_INFOPLIST_FILE = YES;
				INFOPLIST_KEY_NSCameraUsageDescription = "We need to scan QR codes.";
				INFOPLIST_KEY_NSPhotoLibraryAddUsageDescription = "We want to save your QR code.";
				INFOPLIST_KEY_UIApplicationSceneManifest_Generation = YES;
				INFOPLIST_KEY_UIApplicationSupportsIndirectInputEvents = YES;
				INFOPLIST_KEY_UILaunchScreen_Generation = YES;
				INFOPLIST_KEY_UISupportedInterfaceOrientations_iPad = "UIInterfaceOrientationPortrait UIInterfaceOrientationPortraitUpsideDown UIInterfaceOrientationLandscapeLeft UIInterfaceOrientationLandscapeRight";
				INFOPLIST_KEY_UISupportedInterfaceOrientations_iPhone = "UIInterfaceOrientationPortrait UIInterfaceOrientationLandscapeLeft UIInterfaceOrientationLandscapeRight";
				LD_RUNPATH_SEARCH_PATHS = (
					"$(inherited)",
					"@executable_path/Frameworks",
				);
				MARKETING_VERSION = 1.0;
				PRODUCT_BUNDLE_IDENTIFIER = com.landoncayia.HotProspects;
				PRODUCT_NAME = "$(TARGET_NAME)";
				SWIFT_EMIT_LOC_STRINGS = YES;
				SWIFT_VERSION = 5.0;
				TARGETED_DEVICE_FAMILY = "1,2";
			};
			name = Release;
		};
/* End XCBuildConfiguration section */

/* Begin XCConfigurationList section */
		C766A8E028CA789D00D88927 /* Build configuration list for PBXProject "HotProspects" */ = {
			isa = XCConfigurationList;
			buildConfigurations = (
				C766A8F128CA789E00D88927 /* Debug */,
				C766A8F228CA789E00D88927 /* Release */,
			);
			defaultConfigurationIsVisible = 0;
			defaultConfigurationName = Release;
		};
		C766A8F328CA789E00D88927 /* Build configuration list for PBXNativeTarget "HotProspects" */ = {
			isa = XCConfigurationList;
			buildConfigurations = (
				C766A8F428CA789E00D88927 /* Debug */,
				C766A8F528CA789E00D88927 /* Release */,
			);
			defaultConfigurationIsVisible = 0;
			defaultConfigurationName = Release;
		};
/* End XCConfigurationList section */

/* Begin XCRemoteSwiftPackageReference section */
		C7467B7528D0E36F008212B9 /* XCRemoteSwiftPackageReference "CodeScanner" */ = {
			isa = XCRemoteSwiftPackageReference;
			repositoryURL = "https://github.com/twostraws/CodeScanner";
			requirement = {
				kind = upToNextMajorVersion;
				minimumVersion = 2.0.0;
			};
		};
/* End XCRemoteSwiftPackageReference section */

/* Begin XCSwiftPackageProductDependency section */
		C7467B7628D0E36F008212B9 /* CodeScanner */ = {
			isa = XCSwiftPackageProductDependency;
			package = C7467B7528D0E36F008212B9 /* XCRemoteSwiftPackageReference "CodeScanner" */;
			productName = CodeScanner;
		};
/* End XCSwiftPackageProductDependency section */
	};
	rootObject = C766A8DD28CA789D00D88927 /* Project object */;
}
